
Microsoft Visual Studio Solution File, Format Version 12.00
Project("{FAE04EC0-301F-11D3-BF4B-00C04F79EFBC}") = "WorkoutLog.Api", "WorkoutLog.Api\WorkoutLog.Api.csproj", "{CD0DBF47-5F83-41A5-945A-A0B79FD3465C}"
EndProject
Project("{2150E333-8FDC-42A3-9474-1A3956D46DE8}") = "Solution Items", "Solution Items", "{9505FA69-E41F-456F-832A-8C611C1140B9}"
	ProjectSection(SolutionItems) = preProject
		compose.yaml = compose.yaml
	EndProjectSection
EndProject
Global
	GlobalSection(SolutionConfigurationPlatforms) = preSolution
		Debug|Any CPU = Debug|Any CPU
		Release|Any CPU = Release|Any CPU
	EndGlobalSection
	GlobalSection(ProjectConfigurationPlatforms) = postSolution
		{CD0DBF47-5F83-41A5-945A-A0B79FD3465C}.Debug|Any CPU.ActiveCfg = Debug|Any CPU
		{CD0DBF47-5F83-41A5-945A-A0B79FD3465C}.Debug|Any CPU.Build.0 = Debug|Any CPU
		{CD0DBF47-5F83-41A5-945A-A0B79FD3465C}.Release|Any CPU.ActiveCfg = Release|Any CPU
		{CD0DBF47-5F83-41A5-945A-A0B79FD3465C}.Release|Any CPU.Build.0 = Release|Any CPU
	EndGlobalSection
EndGlobal
